
Microsoft Visual Studio Solution File, Format Version 12.00
# Visual Studio 14
VisualStudioVersion = 14.0.24720.0
MinimumVisualStudioVersion = 10.0.40219.1
Project("{00D1A9C2-B5F0-4AF3-8072-F6C62B433612}") = "AESDatabase", "AESProject\AESDatabase.sqlproj", "{9ADD3378-78A3-43AE-A70B-5A424D5BCCAD}"
EndProject
Project("{FAE04EC0-301F-11D3-BF4B-00C04F79EFBC}") = "JobLibrarySVC.WebApi", "JobLibrarySVC\JobLibrarySVC.WebApi\JobLibrarySVC.WebApi.csproj", "{C325B758-4F22-439A-BD24-872CB4F5B100}"
EndProject
Project("{FAE04EC0-301F-11D3-BF4B-00C04F79EFBC}") = "AES.ConsoleClient", "JobLibrarySVC\JobLibrarySVC.ConsoleClient\AES.ConsoleClient.csproj", "{6558B314-B755-4A88-A518-3E97275A696C}"
EndProject
Project("{FAE04EC0-301F-11D3-BF4B-00C04F79EFBC}") = "AES.Entities.Shared.Net45", "JobLibrarySVC\JobLibrarySVC.Entities.Shared.Net45\AES.Entities.Shared.Net45.csproj", "{98F8C001-E6A2-4692-A2A1-8AE6E1D1EC62}"
EndProject
Project("{2150E333-8FDC-42A3-9474-1A3956D46DE8}") = "Solution Items", "Solution Items", "{CD581E29-7BAA-4CB0-A04D-2C8F2B0B0EDE}"
EndProject
Project("{FAE04EC0-301F-11D3-BF4B-00C04F79EFBC}") = "PositionRequestSVC.WebApi", "PositionRequestSVC\PositionRequestSVC.WebApi\PositionRequestSVC.WebApi.csproj", "{17C6C2E5-0590-46B0-9EBE-150309FFC0CF}"
EndProject
Global
	GlobalSection(SolutionConfigurationPlatforms) = preSolution
		Debug|Any CPU = Debug|Any CPU
		Release|Any CPU = Release|Any CPU
	EndGlobalSection
	GlobalSection(ProjectConfigurationPlatforms) = postSolution
		{9ADD3378-78A3-43AE-A70B-5A424D5BCCAD}.Debug|Any CPU.ActiveCfg = Debug|Any CPU
		{9ADD3378-78A3-43AE-A70B-5A424D5BCCAD}.Debug|Any CPU.Build.0 = Debug|Any CPU
		{9ADD3378-78A3-43AE-A70B-5A424D5BCCAD}.Debug|Any CPU.Deploy.0 = Debug|Any CPU
		{9ADD3378-78A3-43AE-A70B-5A424D5BCCAD}.Release|Any CPU.ActiveCfg = Release|Any CPU
		{9ADD3378-78A3-43AE-A70B-5A424D5BCCAD}.Release|Any CPU.Build.0 = Release|Any CPU
		{9ADD3378-78A3-43AE-A70B-5A424D5BCCAD}.Release|Any CPU.Deploy.0 = Release|Any CPU
		{C325B758-4F22-439A-BD24-872CB4F5B100}.Debug|Any CPU.ActiveCfg = Debug|Any CPU
		{C325B758-4F22-439A-BD24-872CB4F5B100}.Debug|Any CPU.Build.0 = Debug|Any CPU
		{C325B758-4F22-439A-BD24-872CB4F5B100}.Release|Any CPU.ActiveCfg = Release|Any CPU
		{C325B758-4F22-439A-BD24-872CB4F5B100}.Release|Any CPU.Build.0 = Release|Any CPU
		{6558B314-B755-4A88-A518-3E97275A696C}.Debug|Any CPU.ActiveCfg = Debug|Any CPU
		{6558B314-B755-4A88-A518-3E97275A696C}.Debug|Any CPU.Build.0 = Debug|Any CPU
		{6558B314-B755-4A88-A518-3E97275A696C}.Release|Any CPU.ActiveCfg = Release|Any CPU
		{6558B314-B755-4A88-A518-3E97275A696C}.Release|Any CPU.Build.0 = Release|Any CPU
		{98F8C001-E6A2-4692-A2A1-8AE6E1D1EC62}.Debug|Any CPU.ActiveCfg = Debug|Any CPU
		{98F8C001-E6A2-4692-A2A1-8AE6E1D1EC62}.Debug|Any CPU.Build.0 = Debug|Any CPU
		{98F8C001-E6A2-4692-A2A1-8AE6E1D1EC62}.Release|Any CPU.ActiveCfg = Release|Any CPU
		{98F8C001-E6A2-4692-A2A1-8AE6E1D1EC62}.Release|Any CPU.Build.0 = Release|Any CPU
		{17C6C2E5-0590-46B0-9EBE-150309FFC0CF}.Debug|Any CPU.ActiveCfg = Debug|Any CPU
		{17C6C2E5-0590-46B0-9EBE-150309FFC0CF}.Debug|Any CPU.Build.0 = Debug|Any CPU
		{17C6C2E5-0590-46B0-9EBE-150309FFC0CF}.Release|Any CPU.ActiveCfg = Release|Any CPU
		{17C6C2E5-0590-46B0-9EBE-150309FFC0CF}.Release|Any CPU.Build.0 = Release|Any CPU
	EndGlobalSection
	GlobalSection(SolutionProperties) = preSolution
		HideSolutionNode = FALSE
	EndGlobalSection
EndGlobal
