
Microsoft Visual Studio Solution File, Format Version 12.00
# Visual Studio 2013
VisualStudioVersion = 12.0.40629.0
MinimumVisualStudioVersion = 10.0.40219.1
Project("{FAE04EC0-301F-11D3-BF4B-00C04F79EFBC}") = "juniorProject", "juniorProject\juniorProject.csproj", "{65079BE8-8BBA-4FA1-938D-6C1FF9D4B068}"
	ProjectSection(ProjectDependencies) = postProject
		{19756261-ED12-41B7-B68D-FF6C3AAF30CC} = {19756261-ED12-41B7-B68D-FF6C3AAF30CC}
	EndProjectSection
EndProject
Project("{FAE04EC0-301F-11D3-BF4B-00C04F79EFBC}") = "WcfService", "WcfService\WcfService.csproj", "{19756261-ED12-41B7-B68D-FF6C3AAF30CC}"
EndProject
Global
	GlobalSection(SolutionConfigurationPlatforms) = preSolution
		Debug|Any CPU = Debug|Any CPU
		Release|Any CPU = Release|Any CPU
	EndGlobalSection
	GlobalSection(ProjectConfigurationPlatforms) = postSolution
		{65079BE8-8BBA-4FA1-938D-6C1FF9D4B068}.Debug|Any CPU.ActiveCfg = Debug|Any CPU
		{65079BE8-8BBA-4FA1-938D-6C1FF9D4B068}.Debug|Any CPU.Build.0 = Debug|Any CPU
		{65079BE8-8BBA-4FA1-938D-6C1FF9D4B068}.Release|Any CPU.ActiveCfg = Release|Any CPU
		{65079BE8-8BBA-4FA1-938D-6C1FF9D4B068}.Release|Any CPU.Build.0 = Release|Any CPU
		{19756261-ED12-41B7-B68D-FF6C3AAF30CC}.Debug|Any CPU.ActiveCfg = Debug|Any CPU
		{19756261-ED12-41B7-B68D-FF6C3AAF30CC}.Debug|Any CPU.Build.0 = Debug|Any CPU
		{19756261-ED12-41B7-B68D-FF6C3AAF30CC}.Release|Any CPU.ActiveCfg = Release|Any CPU
		{19756261-ED12-41B7-B68D-FF6C3AAF30CC}.Release|Any CPU.Build.0 = Release|Any CPU
	EndGlobalSection
	GlobalSection(SolutionProperties) = preSolution
		HideSolutionNode = FALSE
	EndGlobalSection
EndGlobal
